
Microsoft Visual Studio Solution File, Format Version 12.00
# Visual Studio Version 16
VisualStudioVersion = 16.0.30804.86
MinimumVisualStudioVersion = 15.0.26124.0
Project("{9A19103F-16F7-4668-BE54-9A1E7A4F7556}") = "API", "API\API.csproj", "{B78BD0BA-189D-4757-8D59-56A4986E512C}"
EndProject
Global
	GlobalSection(SolutionConfigurationPlatforms) = preSolution
		Debug|Any CPU = Debug|Any CPU
		Debug|x64 = Debug|x64
		Debug|x86 = Debug|x86
		Release|Any CPU = Release|Any CPU
		Release|x64 = Release|x64
		Release|x86 = Release|x86
	EndGlobalSection
	GlobalSection(ProjectConfigurationPlatforms) = postSolution
		{B78BD0BA-189D-4757-8D59-56A4986E512C}.Debug|Any CPU.ActiveCfg = Debug|Any CPU
		{B78BD0BA-189D-4757-8D59-56A4986E512C}.Debug|Any CPU.Build.0 = Debug|Any CPU
		{B78BD0BA-189D-4757-8D59-56A4986E512C}.Debug|x64.ActiveCfg = Debug|Any CPU
		{B78BD0BA-189D-4757-8D59-56A4986E512C}.Debug|x64.Build.0 = Debug|Any CPU
		{B78BD0BA-189D-4757-8D59-56A4986E512C}.Debug|x86.ActiveCfg = Debug|Any CPU
		{B78BD0BA-189D-4757-8D59-56A4986E512C}.Debug|x86.Build.0 = Debug|Any CPU
		{B78BD0BA-189D-4757-8D59-56A4986E512C}.Release|Any CPU.ActiveCfg = Release|Any CPU
		{B78BD0BA-189D-4757-8D59-56A4986E512C}.Release|Any CPU.Build.0 = Release|Any CPU
		{B78BD0BA-189D-4757-8D59-56A4986E512C}.Release|x64.ActiveCfg = Release|Any CPU
		{B78BD0BA-189D-4757-8D59-56A4986E512C}.Release|x64.Build.0 = Release|Any CPU
		{B78BD0BA-189D-4757-8D59-56A4986E512C}.Release|x86.ActiveCfg = Release|Any CPU
		{B78BD0BA-189D-4757-8D59-56A4986E512C}.Release|x86.Build.0 = Release|Any CPU
	EndGlobalSection
	GlobalSection(SolutionProperties) = preSolution
		HideSolutionNode = FALSE
	EndGlobalSection
	GlobalSection(ExtensibilityGlobals) = postSolution
		SolutionGuid = {89F9B4D8-D07C-4F41-BE97-1E674FC9E212}
	EndGlobalSection
EndGlobal
